
Microsoft Visual Studio Solution File, Format Version 12.00
# Visual Studio 15
VisualStudioVersion = 15.0.26430.16
MinimumVisualStudioVersion = 10.0.40219.1
Project("{FAE04EC0-301F-11D3-BF4B-00C04F79EFBC}") = "JulianDate", "JulianDate\JulianDate.csproj", "{ABB08F57-592D-4150-9911-60C8A49CB9EE}"
EndProject
Project("{FAE04EC0-301F-11D3-BF4B-00C04F79EFBC}") = "JulianDateCrossPlatform.Android", "JulianDateCrossPlatform\JulianDateCrossPlatform.Android\JulianDateCrossPlatform.Android.csproj", "{535C077C-846F-4059-8A2D-D57295B0A32B}"
EndProject
Project("{FAE04EC0-301F-11D3-BF4B-00C04F79EFBC}") = "JulianDateCrossPlatform.iOS", "JulianDateCrossPlatform\JulianDateCrossPlatform.iOS\JulianDateCrossPlatform.iOS.csproj", "{56D3B1A2-3343-43E1-841C-E932326E5DC4}"
EndProject
Project("{FAE04EC0-301F-11D3-BF4B-00C04F79EFBC}") = "JulianDateCrossPlatform.UWP", "JulianDateCrossPlatform\JulianDateCrossPlatform.UWP\JulianDateCrossPlatform.UWP.csproj", "{72D9E6F8-AD97-4180-BA06-BCE710511926}"
EndProject
Project("{FAE04EC0-301F-11D3-BF4B-00C04F79EFBC}") = "JulianDateCrossPlatform", "JulianDateCrossPlatform\JulianDateCrossPlatform\JulianDateCrossPlatform.csproj", "{E92BDBB2-AE34-4EF7-B96D-9B0F0312A0F9}"
EndProject
Global
	GlobalSection(SolutionConfigurationPlatforms) = preSolution
		Ad-Hoc|Any CPU = Ad-Hoc|Any CPU
		Ad-Hoc|ARM = Ad-Hoc|ARM
		Ad-Hoc|iPhone = Ad-Hoc|iPhone
		Ad-Hoc|iPhoneSimulator = Ad-Hoc|iPhoneSimulator
		Ad-Hoc|x64 = Ad-Hoc|x64
		Ad-Hoc|x86 = Ad-Hoc|x86
		AppStore|Any CPU = AppStore|Any CPU
		AppStore|ARM = AppStore|ARM
		AppStore|iPhone = AppStore|iPhone
		AppStore|iPhoneSimulator = AppStore|iPhoneSimulator
		AppStore|x64 = AppStore|x64
		AppStore|x86 = AppStore|x86
		Debug|Any CPU = Debug|Any CPU
		Debug|ARM = Debug|ARM
		Debug|iPhone = Debug|iPhone
		Debug|iPhoneSimulator = Debug|iPhoneSimulator
		Debug|x64 = Debug|x64
		Debug|x86 = Debug|x86
		Release|Any CPU = Release|Any CPU
		Release|ARM = Release|ARM
		Release|iPhone = Release|iPhone
		Release|iPhoneSimulator = Release|iPhoneSimulator
		Release|x64 = Release|x64
		Release|x86 = Release|x86
	EndGlobalSection
	GlobalSection(ProjectConfigurationPlatforms) = postSolution
		{ABB08F57-592D-4150-9911-60C8A49CB9EE}.Ad-Hoc|Any CPU.ActiveCfg = Release|Any CPU
		{ABB08F57-592D-4150-9911-60C8A49CB9EE}.Ad-Hoc|Any CPU.Build.0 = Release|Any CPU
		{ABB08F57-592D-4150-9911-60C8A49CB9EE}.Ad-Hoc|Any CPU.Deploy.0 = Release|Any CPU
		{ABB08F57-592D-4150-9911-60C8A49CB9EE}.Ad-Hoc|ARM.ActiveCfg = Release|Any CPU
		{ABB08F57-592D-4150-9911-60C8A49CB9EE}.Ad-Hoc|ARM.Build.0 = Release|Any CPU
		{ABB08F57-592D-4150-9911-60C8A49CB9EE}.Ad-Hoc|ARM.Deploy.0 = Release|Any CPU
		{ABB08F57-592D-4150-9911-60C8A49CB9EE}.Ad-Hoc|iPhone.ActiveCfg = Release|Any CPU
		{ABB08F57-592D-4150-9911-60C8A49CB9EE}.Ad-Hoc|iPhone.Build.0 = Release|Any CPU
		{ABB08F57-592D-4150-9911-60C8A49CB9EE}.Ad-Hoc|iPhone.Deploy.0 = Release|Any CPU
		{ABB08F57-592D-4150-9911-60C8A49CB9EE}.Ad-Hoc|iPhoneSimulator.ActiveCfg = Release|Any CPU
		{ABB08F57-592D-4150-9911-60C8A49CB9EE}.Ad-Hoc|iPhoneSimulator.Build.0 = Release|Any CPU
		{ABB08F57-592D-4150-9911-60C8A49CB9EE}.Ad-Hoc|iPhoneSimulator.Deploy.0 = Release|Any CPU
		{ABB08F57-592D-4150-9911-60C8A49CB9EE}.Ad-Hoc|x64.ActiveCfg = Release|Any CPU
		{ABB08F57-592D-4150-9911-60C8A49CB9EE}.Ad-Hoc|x64.Build.0 = Release|Any CPU
		{ABB08F57-592D-4150-9911-60C8A49CB9EE}.Ad-Hoc|x64.Deploy.0 = Release|Any CPU
		{ABB08F57-592D-4150-9911-60C8A49CB9EE}.Ad-Hoc|x86.ActiveCfg = Release|Any CPU
		{ABB08F57-592D-4150-9911-60C8A49CB9EE}.Ad-Hoc|x86.Build.0 = Release|Any CPU
		{ABB08F57-592D-4150-9911-60C8A49CB9EE}.Ad-Hoc|x86.Deploy.0 = Release|Any CPU
		{ABB08F57-592D-4150-9911-60C8A49CB9EE}.AppStore|Any CPU.ActiveCfg = Release|Any CPU
		{ABB08F57-592D-4150-9911-60C8A49CB9EE}.AppStore|Any CPU.Build.0 = Release|Any CPU
		{ABB08F57-592D-4150-9911-60C8A49CB9EE}.AppStore|Any CPU.Deploy.0 = Release|Any CPU
		{ABB08F57-592D-4150-9911-60C8A49CB9EE}.AppStore|ARM.ActiveCfg = Release|Any CPU
		{ABB08F57-592D-4150-9911-60C8A49CB9EE}.AppStore|ARM.Build.0 = Release|Any CPU
		{ABB08F57-592D-4150-9911-60C8A49CB9EE}.AppStore|ARM.Deploy.0 = Release|Any CPU
		{ABB08F57-592D-4150-9911-60C8A49CB9EE}.AppStore|iPhone.ActiveCfg = Release|Any CPU
		{ABB08F57-592D-4150-9911-60C8A49CB9EE}.AppStore|iPhone.Build.0 = Release|Any CPU
		{ABB08F57-592D-4150-9911-60C8A49CB9EE}.AppStore|iPhone.Deploy.0 = Release|Any CPU
		{ABB08F57-592D-4150-9911-60C8A49CB9EE}.AppStore|iPhoneSimulator.ActiveCfg = Release|Any CPU
		{ABB08F57-592D-4150-9911-60C8A49CB9EE}.AppStore|iPhoneSimulator.Build.0 = Release|Any CPU
		{ABB08F57-592D-4150-9911-60C8A49CB9EE}.AppStore|iPhoneSimulator.Deploy.0 = Release|Any CPU
		{ABB08F57-592D-4150-9911-60C8A49CB9EE}.AppStore|x64.ActiveCfg = Release|Any CPU
		{ABB08F57-592D-4150-9911-60C8A49CB9EE}.AppStore|x64.Build.0 = Release|Any CPU
		{ABB08F57-592D-4150-9911-60C8A49CB9EE}.AppStore|x64.Deploy.0 = Release|Any CPU
		{ABB08F57-592D-4150-9911-60C8A49CB9EE}.AppStore|x86.ActiveCfg = Release|Any CPU
		{ABB08F57-592D-4150-9911-60C8A49CB9EE}.AppStore|x86.Build.0 = Release|Any CPU
		{ABB08F57-592D-4150-9911-60C8A49CB9EE}.AppStore|x86.Deploy.0 = Release|Any CPU
		{ABB08F57-592D-4150-9911-60C8A49CB9EE}.Debug|Any CPU.ActiveCfg = Debug|Any CPU
		{ABB08F57-592D-4150-9911-60C8A49CB9EE}.Debug|Any CPU.Build.0 = Debug|Any CPU
		{ABB08F57-592D-4150-9911-60C8A49CB9EE}.Debug|Any CPU.Deploy.0 = Debug|Any CPU
		{ABB08F57-592D-4150-9911-60C8A49CB9EE}.Debug|ARM.ActiveCfg = Debug|Any CPU
		{ABB08F57-592D-4150-9911-60C8A49CB9EE}.Debug|ARM.Build.0 = Debug|Any CPU
		{ABB08F57-592D-4150-9911-60C8A49CB9EE}.Debug|ARM.Deploy.0 = Debug|Any CPU
		{ABB08F57-592D-4150-9911-60C8A49CB9EE}.Debug|iPhone.ActiveCfg = Debug|Any CPU
		{ABB08F57-592D-4150-9911-60C8A49CB9EE}.Debug|iPhone.Build.0 = Debug|Any CPU
		{ABB08F57-592D-4150-9911-60C8A49CB9EE}.Debug|iPhone.Deploy.0 = Debug|Any CPU
		{ABB08F57-592D-4150-9911-60C8A49CB9EE}.Debug|iPhoneSimulator.ActiveCfg = Debug|Any CPU
		{ABB08F57-592D-4150-9911-60C8A49CB9EE}.Debug|iPhoneSimulator.Build.0 = Debug|Any CPU
		{ABB08F57-592D-4150-9911-60C8A49CB9EE}.Debug|iPhoneSimulator.Deploy.0 = Debug|Any CPU
		{ABB08F57-592D-4150-9911-60C8A49CB9EE}.Debug|x64.ActiveCfg = Debug|Any CPU
		{ABB08F57-592D-4150-9911-60C8A49CB9EE}.Debug|x64.Build.0 = Debug|Any CPU
		{ABB08F57-592D-4150-9911-60C8A49CB9EE}.Debug|x64.Deploy.0 = Debug|Any CPU
		{ABB08F57-592D-4150-9911-60C8A49CB9EE}.Debug|x86.ActiveCfg = Debug|Any CPU
		{ABB08F57-592D-4150-9911-60C8A49CB9EE}.Debug|x86.Build.0 = Debug|Any CPU
		{ABB08F57-592D-4150-9911-60C8A49CB9EE}.Debug|x86.Deploy.0 = Debug|Any CPU
		{ABB08F57-592D-4150-9911-60C8A49CB9EE}.Release|Any CPU.ActiveCfg = Release|Any CPU
		{ABB08F57-592D-4150-9911-60C8A49CB9EE}.Release|Any CPU.Build.0 = Release|Any CPU
		{ABB08F57-592D-4150-9911-60C8A49CB9EE}.Release|Any CPU.Deploy.0 = Release|Any CPU
		{ABB08F57-592D-4150-9911-60C8A49CB9EE}.Release|ARM.ActiveCfg = Release|Any CPU
		{ABB08F57-592D-4150-9911-60C8A49CB9EE}.Release|ARM.Build.0 = Release|Any CPU
		{ABB08F57-592D-4150-9911-60C8A49CB9EE}.Release|ARM.Deploy.0 = Release|Any CPU
		{ABB08F57-592D-4150-9911-60C8A49CB9EE}.Release|iPhone.ActiveCfg = Release|Any CPU
		{ABB08F57-592D-4150-9911-60C8A49CB9EE}.Release|iPhone.Build.0 = Release|Any CPU
		{ABB08F57-592D-4150-9911-60C8A49CB9EE}.Release|iPhone.Deploy.0 = Release|Any CPU
		{ABB08F57-592D-4150-9911-60C8A49CB9EE}.Release|iPhoneSimulator.ActiveCfg = Release|Any CPU
		{ABB08F57-592D-4150-9911-60C8A49CB9EE}.Release|iPhoneSimulator.Build.0 = Release|Any CPU
		{ABB08F57-592D-4150-9911-60C8A49CB9EE}.Release|iPhoneSimulator.Deploy.0 = Release|Any CPU
		{ABB08F57-592D-4150-9911-60C8A49CB9EE}.Release|x64.ActiveCfg = Release|Any CPU
		{ABB08F57-592D-4150-9911-60C8A49CB9EE}.Release|x64.Build.0 = Release|Any CPU
		{ABB08F57-592D-4150-9911-60C8A49CB9EE}.Release|x64.Deploy.0 = Release|Any CPU
		{ABB08F57-592D-4150-9911-60C8A49CB9EE}.Release|x86.ActiveCfg = Release|Any CPU
		{ABB08F57-592D-4150-9911-60C8A49CB9EE}.Release|x86.Build.0 = Release|Any CPU
		{ABB08F57-592D-4150-9911-60C8A49CB9EE}.Release|x86.Deploy.0 = Release|Any CPU
		{535C077C-846F-4059-8A2D-D57295B0A32B}.Ad-Hoc|Any CPU.ActiveCfg = Release|Any CPU
		{535C077C-846F-4059-8A2D-D57295B0A32B}.Ad-Hoc|Any CPU.Build.0 = Release|Any CPU
		{535C077C-846F-4059-8A2D-D57295B0A32B}.Ad-Hoc|Any CPU.Deploy.0 = Release|Any CPU
		{535C077C-846F-4059-8A2D-D57295B0A32B}.Ad-Hoc|ARM.ActiveCfg = Release|Any CPU
		{535C077C-846F-4059-8A2D-D57295B0A32B}.Ad-Hoc|ARM.Build.0 = Release|Any CPU
		{535C077C-846F-4059-8A2D-D57295B0A32B}.Ad-Hoc|ARM.Deploy.0 = Release|Any CPU
		{535C077C-846F-4059-8A2D-D57295B0A32B}.Ad-Hoc|iPhone.ActiveCfg = Release|Any CPU
		{535C077C-846F-4059-8A2D-D57295B0A32B}.Ad-Hoc|iPhone.Build.0 = Release|Any CPU
		{535C077C-846F-4059-8A2D-D57295B0A32B}.Ad-Hoc|iPhone.Deploy.0 = Release|Any CPU
		{535C077C-846F-4059-8A2D-D57295B0A32B}.Ad-Hoc|iPhoneSimulator.ActiveCfg = Release|Any CPU
		{535C077C-846F-4059-8A2D-D57295B0A32B}.Ad-Hoc|iPhoneSimulator.Build.0 = Release|Any CPU
		{535C077C-846F-4059-8A2D-D57295B0A32B}.Ad-Hoc|iPhoneSimulator.Deploy.0 = Release|Any CPU
		{535C077C-846F-4059-8A2D-D57295B0A32B}.Ad-Hoc|x64.ActiveCfg = Release|Any CPU
		{535C077C-846F-4059-8A2D-D57295B0A32B}.Ad-Hoc|x64.Build.0 = Release|Any CPU
		{535C077C-846F-4059-8A2D-D57295B0A32B}.Ad-Hoc|x64.Deploy.0 = Release|Any CPU
		{535C077C-846F-4059-8A2D-D57295B0A32B}.Ad-Hoc|x86.ActiveCfg = Release|Any CPU
		{535C077C-846F-4059-8A2D-D57295B0A32B}.Ad-Hoc|x86.Build.0 = Release|Any CPU
		{535C077C-846F-4059-8A2D-D57295B0A32B}.Ad-Hoc|x86.Deploy.0 = Release|Any CPU
		{535C077C-846F-4059-8A2D-D57295B0A32B}.AppStore|Any CPU.ActiveCfg = Release|Any CPU
		{535C077C-846F-4059-8A2D-D57295B0A32B}.AppStore|Any CPU.Build.0 = Release|Any CPU
		{535C077C-846F-4059-8A2D-D57295B0A32B}.AppStore|Any CPU.Deploy.0 = Release|Any CPU
		{535C077C-846F-4059-8A2D-D57295B0A32B}.AppStore|ARM.ActiveCfg = Release|Any CPU
		{535C077C-846F-4059-8A2D-D57295B0A32B}.AppStore|ARM.Build.0 = Release|Any CPU
		{535C077C-846F-4059-8A2D-D57295B0A32B}.AppStore|ARM.Deploy.0 = Release|Any CPU
		{535C077C-846F-4059-8A2D-D57295B0A32B}.AppStore|iPhone.ActiveCfg = Release|Any CPU
		{535C077C-846F-4059-8A2D-D57295B0A32B}.AppStore|iPhone.Build.0 = Release|Any CPU
		{535C077C-846F-4059-8A2D-D57295B0A32B}.AppStore|iPhone.Deploy.0 = Release|Any CPU
		{535C077C-846F-4059-8A2D-D57295B0A32B}.AppStore|iPhoneSimulator.ActiveCfg = Release|Any CPU
		{535C077C-846F-4059-8A2D-D57295B0A32B}.AppStore|iPhoneSimulator.Build.0 = Release|Any CPU
		{535C077C-846F-4059-8A2D-D57295B0A32B}.AppStore|iPhoneSimulator.Deploy.0 = Release|Any CPU
		{535C077C-846F-4059-8A2D-D57295B0A32B}.AppStore|x64.ActiveCfg = Release|Any CPU
		{535C077C-846F-4059-8A2D-D57295B0A32B}.AppStore|x64.Build.0 = Release|Any CPU
		{535C077C-846F-4059-8A2D-D57295B0A32B}.AppStore|x64.Deploy.0 = Release|Any CPU
		{535C077C-846F-4059-8A2D-D57295B0A32B}.AppStore|x86.ActiveCfg = Release|Any CPU
		{535C077C-846F-4059-8A2D-D57295B0A32B}.AppStore|x86.Build.0 = Release|Any CPU
		{535C077C-846F-4059-8A2D-D57295B0A32B}.AppStore|x86.Deploy.0 = Release|Any CPU
		{535C077C-846F-4059-8A2D-D57295B0A32B}.Debug|Any CPU.ActiveCfg = Debug|Any CPU
		{535C077C-846F-4059-8A2D-D57295B0A32B}.Debug|Any CPU.Build.0 = Debug|Any CPU
		{535C077C-846F-4059-8A2D-D57295B0A32B}.Debug|Any CPU.Deploy.0 = Debug|Any CPU
		{535C077C-846F-4059-8A2D-D57295B0A32B}.Debug|ARM.ActiveCfg = Debug|Any CPU
		{535C077C-846F-4059-8A2D-D57295B0A32B}.Debug|ARM.Build.0 = Debug|Any CPU
		{535C077C-846F-4059-8A2D-D57295B0A32B}.Debug|ARM.Deploy.0 = Debug|Any CPU
		{535C077C-846F-4059-8A2D-D57295B0A32B}.Debug|iPhone.ActiveCfg = Debug|Any CPU
		{535C077C-846F-4059-8A2D-D57295B0A32B}.Debug|iPhone.Build.0 = Debug|Any CPU
		{535C077C-846F-4059-8A2D-D57295B0A32B}.Debug|iPhone.Deploy.0 = Debug|Any CPU
		{535C077C-846F-4059-8A2D-D57295B0A32B}.Debug|iPhoneSimulator.ActiveCfg = Debug|Any CPU
		{535C077C-846F-4059-8A2D-D57295B0A32B}.Debug|iPhoneSimulator.Build.0 = Debug|Any CPU
		{535C077C-846F-4059-8A2D-D57295B0A32B}.Debug|iPhoneSimulator.Deploy.0 = Debug|Any CPU
		{535C077C-846F-4059-8A2D-D57295B0A32B}.Debug|x64.ActiveCfg = Debug|Any CPU
		{535C077C-846F-4059-8A2D-D57295B0A32B}.Debug|x64.Build.0 = Debug|Any CPU
		{535C077C-846F-4059-8A2D-D57295B0A32B}.Debug|x64.Deploy.0 = Debug|Any CPU
		{535C077C-846F-4059-8A2D-D57295B0A32B}.Debug|x86.ActiveCfg = Debug|Any CPU
		{535C077C-846F-4059-8A2D-D57295B0A32B}.Debug|x86.Build.0 = Debug|Any CPU
		{535C077C-846F-4059-8A2D-D57295B0A32B}.Debug|x86.Deploy.0 = Debug|Any CPU
		{535C077C-846F-4059-8A2D-D57295B0A32B}.Release|Any CPU.ActiveCfg = Release|Any CPU
		{535C077C-846F-4059-8A2D-D57295B0A32B}.Release|Any CPU.Build.0 = Release|Any CPU
		{535C077C-846F-4059-8A2D-D57295B0A32B}.Release|Any CPU.Deploy.0 = Release|Any CPU
		{535C077C-846F-4059-8A2D-D57295B0A32B}.Release|ARM.ActiveCfg = Release|Any CPU
		{535C077C-846F-4059-8A2D-D57295B0A32B}.Release|ARM.Build.0 = Release|Any CPU
		{535C077C-846F-4059-8A2D-D57295B0A32B}.Release|ARM.Deploy.0 = Release|Any CPU
		{535C077C-846F-4059-8A2D-D57295B0A32B}.Release|iPhone.ActiveCfg = Release|Any CPU
		{535C077C-846F-4059-8A2D-D57295B0A32B}.Release|iPhone.Build.0 = Release|Any CPU
		{535C077C-846F-4059-8A2D-D57295B0A32B}.Release|iPhone.Deploy.0 = Release|Any CPU
		{535C077C-846F-4059-8A2D-D57295B0A32B}.Release|iPhoneSimulator.ActiveCfg = Release|Any CPU
		{535C077C-846F-4059-8A2D-D57295B0A32B}.Release|iPhoneSimulator.Build.0 = Release|Any CPU
		{535C077C-846F-4059-8A2D-D57295B0A32B}.Release|iPhoneSimulator.Deploy.0 = Release|Any CPU
		{535C077C-846F-4059-8A2D-D57295B0A32B}.Release|x64.ActiveCfg = Release|Any CPU
		{535C077C-846F-4059-8A2D-D57295B0A32B}.Release|x64.Build.0 = Release|Any CPU
		{535C077C-846F-4059-8A2D-D57295B0A32B}.Release|x64.Deploy.0 = Release|Any CPU
		{535C077C-846F-4059-8A2D-D57295B0A32B}.Release|x86.ActiveCfg = Release|Any CPU
		{535C077C-846F-4059-8A2D-D57295B0A32B}.Release|x86.Build.0 = Release|Any CPU
		{535C077C-846F-4059-8A2D-D57295B0A32B}.Release|x86.Deploy.0 = Release|Any CPU
		{56D3B1A2-3343-43E1-841C-E932326E5DC4}.Ad-Hoc|Any CPU.ActiveCfg = Ad-Hoc|iPhone
		{56D3B1A2-3343-43E1-841C-E932326E5DC4}.Ad-Hoc|ARM.ActiveCfg = Ad-Hoc|iPhone
		{56D3B1A2-3343-43E1-841C-E932326E5DC4}.Ad-Hoc|iPhone.ActiveCfg = Ad-Hoc|iPhone
		{56D3B1A2-3343-43E1-841C-E932326E5DC4}.Ad-Hoc|iPhone.Build.0 = Ad-Hoc|iPhone
		{56D3B1A2-3343-43E1-841C-E932326E5DC4}.Ad-Hoc|iPhoneSimulator.ActiveCfg = Ad-Hoc|iPhoneSimulator
		{56D3B1A2-3343-43E1-841C-E932326E5DC4}.Ad-Hoc|iPhoneSimulator.Build.0 = Ad-Hoc|iPhoneSimulator
		{56D3B1A2-3343-43E1-841C-E932326E5DC4}.Ad-Hoc|x64.ActiveCfg = Ad-Hoc|iPhone
		{56D3B1A2-3343-43E1-841C-E932326E5DC4}.Ad-Hoc|x86.ActiveCfg = Ad-Hoc|iPhone
		{56D3B1A2-3343-43E1-841C-E932326E5DC4}.AppStore|Any CPU.ActiveCfg = AppStore|iPhone
		{56D3B1A2-3343-43E1-841C-E932326E5DC4}.AppStore|ARM.ActiveCfg = AppStore|iPhone
		{56D3B1A2-3343-43E1-841C-E932326E5DC4}.AppStore|iPhone.ActiveCfg = AppStore|iPhone
		{56D3B1A2-3343-43E1-841C-E932326E5DC4}.AppStore|iPhone.Build.0 = AppStore|iPhone
		{56D3B1A2-3343-43E1-841C-E932326E5DC4}.AppStore|iPhoneSimulator.ActiveCfg = AppStore|iPhoneSimulator
		{56D3B1A2-3343-43E1-841C-E932326E5DC4}.AppStore|iPhoneSimulator.Build.0 = AppStore|iPhoneSimulator
		{56D3B1A2-3343-43E1-841C-E932326E5DC4}.AppStore|x64.ActiveCfg = AppStore|iPhone
		{56D3B1A2-3343-43E1-841C-E932326E5DC4}.AppStore|x86.ActiveCfg = AppStore|iPhone
		{56D3B1A2-3343-43E1-841C-E932326E5DC4}.Debug|Any CPU.ActiveCfg = Debug|iPhone
		{56D3B1A2-3343-43E1-841C-E932326E5DC4}.Debug|ARM.ActiveCfg = Debug|iPhone
		{56D3B1A2-3343-43E1-841C-E932326E5DC4}.Debug|iPhone.ActiveCfg = Debug|iPhone
		{56D3B1A2-3343-43E1-841C-E932326E5DC4}.Debug|iPhone.Build.0 = Debug|iPhone
		{56D3B1A2-3343-43E1-841C-E932326E5DC4}.Debug|iPhoneSimulator.ActiveCfg = Debug|iPhoneSimulator
		{56D3B1A2-3343-43E1-841C-E932326E5DC4}.Debug|iPhoneSimulator.Build.0 = Debug|iPhoneSimulator
		{56D3B1A2-3343-43E1-841C-E932326E5DC4}.Debug|x64.ActiveCfg = Debug|iPhone
		{56D3B1A2-3343-43E1-841C-E932326E5DC4}.Debug|x86.ActiveCfg = Debug|iPhone
		{56D3B1A2-3343-43E1-841C-E932326E5DC4}.Release|Any CPU.ActiveCfg = Release|iPhone
		{56D3B1A2-3343-43E1-841C-E932326E5DC4}.Release|ARM.ActiveCfg = Release|iPhone
		{56D3B1A2-3343-43E1-841C-E932326E5DC4}.Release|iPhone.ActiveCfg = Release|iPhone
		{56D3B1A2-3343-43E1-841C-E932326E5DC4}.Release|iPhone.Build.0 = Release|iPhone
		{56D3B1A2-3343-43E1-841C-E932326E5DC4}.Release|iPhoneSimulator.ActiveCfg = Release|iPhoneSimulator
		{56D3B1A2-3343-43E1-841C-E932326E5DC4}.Release|iPhoneSimulator.Build.0 = Release|iPhoneSimulator
		{56D3B1A2-3343-43E1-841C-E932326E5DC4}.Release|x64.ActiveCfg = Release|iPhone
		{56D3B1A2-3343-43E1-841C-E932326E5DC4}.Release|x86.ActiveCfg = Release|iPhone
		{72D9E6F8-AD97-4180-BA06-BCE710511926}.Ad-Hoc|Any CPU.ActiveCfg = Release|x86
		{72D9E6F8-AD97-4180-BA06-BCE710511926}.Ad-Hoc|Any CPU.Build.0 = Release|x86
		{72D9E6F8-AD97-4180-BA06-BCE710511926}.Ad-Hoc|Any CPU.Deploy.0 = Release|x86
		{72D9E6F8-AD97-4180-BA06-BCE710511926}.Ad-Hoc|ARM.ActiveCfg = Release|ARM
		{72D9E6F8-AD97-4180-BA06-BCE710511926}.Ad-Hoc|ARM.Build.0 = Release|ARM
		{72D9E6F8-AD97-4180-BA06-BCE710511926}.Ad-Hoc|ARM.Deploy.0 = Release|ARM
		{72D9E6F8-AD97-4180-BA06-BCE710511926}.Ad-Hoc|iPhone.ActiveCfg = Release|x86
		{72D9E6F8-AD97-4180-BA06-BCE710511926}.Ad-Hoc|iPhone.Build.0 = Release|x86
		{72D9E6F8-AD97-4180-BA06-BCE710511926}.Ad-Hoc|iPhone.Deploy.0 = Release|x86
		{72D9E6F8-AD97-4180-BA06-BCE710511926}.Ad-Hoc|iPhoneSimulator.ActiveCfg = Release|x86
		{72D9E6F8-AD97-4180-BA06-BCE710511926}.Ad-Hoc|iPhoneSimulator.Build.0 = Release|x86
		{72D9E6F8-AD97-4180-BA06-BCE710511926}.Ad-Hoc|iPhoneSimulator.Deploy.0 = Release|x86
		{72D9E6F8-AD97-4180-BA06-BCE710511926}.Ad-Hoc|x64.ActiveCfg = Release|x64
		{72D9E6F8-AD97-4180-BA06-BCE710511926}.Ad-Hoc|x64.Build.0 = Release|x64
		{72D9E6F8-AD97-4180-BA06-BCE710511926}.Ad-Hoc|x64.Deploy.0 = Release|x64
		{72D9E6F8-AD97-4180-BA06-BCE710511926}.Ad-Hoc|x86.ActiveCfg = Release|x86
		{72D9E6F8-AD97-4180-BA06-BCE710511926}.Ad-Hoc|x86.Build.0 = Release|x86
		{72D9E6F8-AD97-4180-BA06-BCE710511926}.Ad-Hoc|x86.Deploy.0 = Release|x86
		{72D9E6F8-AD97-4180-BA06-BCE710511926}.AppStore|Any CPU.ActiveCfg = Release|x86
		{72D9E6F8-AD97-4180-BA06-BCE710511926}.AppStore|Any CPU.Build.0 = Release|x86
		{72D9E6F8-AD97-4180-BA06-BCE710511926}.AppStore|Any CPU.Deploy.0 = Release|x86
		{72D9E6F8-AD97-4180-BA06-BCE710511926}.AppStore|ARM.ActiveCfg = Release|ARM
		{72D9E6F8-AD97-4180-BA06-BCE710511926}.AppStore|ARM.Build.0 = Release|ARM
		{72D9E6F8-AD97-4180-BA06-BCE710511926}.AppStore|ARM.Deploy.0 = Release|ARM
		{72D9E6F8-AD97-4180-BA06-BCE710511926}.AppStore|iPhone.ActiveCfg = Release|x86
		{72D9E6F8-AD97-4180-BA06-BCE710511926}.AppStore|iPhone.Build.0 = Release|x86
		{72D9E6F8-AD97-4180-BA06-BCE710511926}.AppStore|iPhone.Deploy.0 = Release|x86
		{72D9E6F8-AD97-4180-BA06-BCE710511926}.AppStore|iPhoneSimulator.ActiveCfg = Release|x86
		{72D9E6F8-AD97-4180-BA06-BCE710511926}.AppStore|iPhoneSimulator.Build.0 = Release|x86
		{72D9E6F8-AD97-4180-BA06-BCE710511926}.AppStore|iPhoneSimulator.Deploy.0 = Release|x86
		{72D9E6F8-AD97-4180-BA06-BCE710511926}.AppStore|x64.ActiveCfg = Release|x64
		{72D9E6F8-AD97-4180-BA06-BCE710511926}.AppStore|x64.Build.0 = Release|x64
		{72D9E6F8-AD97-4180-BA06-BCE710511926}.AppStore|x64.Deploy.0 = Release|x64
		{72D9E6F8-AD97-4180-BA06-BCE710511926}.AppStore|x86.ActiveCfg = Release|x86
		{72D9E6F8-AD97-4180-BA06-BCE710511926}.AppStore|x86.Build.0 = Release|x86
		{72D9E6F8-AD97-4180-BA06-BCE710511926}.AppStore|x86.Deploy.0 = Release|x86
		{72D9E6F8-AD97-4180-BA06-BCE710511926}.Debug|Any CPU.ActiveCfg = Debug|x86
		{72D9E6F8-AD97-4180-BA06-BCE710511926}.Debug|ARM.ActiveCfg = Debug|ARM
		{72D9E6F8-AD97-4180-BA06-BCE710511926}.Debug|ARM.Build.0 = Debug|ARM
		{72D9E6F8-AD97-4180-BA06-BCE710511926}.Debug|ARM.Deploy.0 = Debug|ARM
		{72D9E6F8-AD97-4180-BA06-BCE710511926}.Debug|iPhone.ActiveCfg = Debug|x86
		{72D9E6F8-AD97-4180-BA06-BCE710511926}.Debug|iPhoneSimulator.ActiveCfg = Debug|x86
		{72D9E6F8-AD97-4180-BA06-BCE710511926}.Debug|x64.ActiveCfg = Debug|x64
		{72D9E6F8-AD97-4180-BA06-BCE710511926}.Debug|x64.Build.0 = Debug|x64
		{72D9E6F8-AD97-4180-BA06-BCE710511926}.Debug|x64.Deploy.0 = Debug|x64
		{72D9E6F8-AD97-4180-BA06-BCE710511926}.Debug|x86.ActiveCfg = Debug|x86
		{72D9E6F8-AD97-4180-BA06-BCE710511926}.Debug|x86.Build.0 = Debug|x86
		{72D9E6F8-AD97-4180-BA06-BCE710511926}.Debug|x86.Deploy.0 = Debug|x86
		{72D9E6F8-AD97-4180-BA06-BCE710511926}.Release|Any CPU.ActiveCfg = Release|x86
		{72D9E6F8-AD97-4180-BA06-BCE710511926}.Release|ARM.ActiveCfg = Release|ARM
		{72D9E6F8-AD97-4180-BA06-BCE710511926}.Release|ARM.Build.0 = Release|ARM
		{72D9E6F8-AD97-4180-BA06-BCE710511926}.Release|ARM.Deploy.0 = Release|ARM
		{72D9E6F8-AD97-4180-BA06-BCE710511926}.Release|iPhone.ActiveCfg = Release|x86
		{72D9E6F8-AD97-4180-BA06-BCE710511926}.Release|iPhoneSimulator.ActiveCfg = Release|x86
		{72D9E6F8-AD97-4180-BA06-BCE710511926}.Release|x64.ActiveCfg = Release|x64
		{72D9E6F8-AD97-4180-BA06-BCE710511926}.Release|x64.Build.0 = Release|x64
		{72D9E6F8-AD97-4180-BA06-BCE710511926}.Release|x64.Deploy.0 = Release|x64
		{72D9E6F8-AD97-4180-BA06-BCE710511926}.Release|x86.ActiveCfg = Release|x86
		{72D9E6F8-AD97-4180-BA06-BCE710511926}.Release|x86.Build.0 = Release|x86
		{72D9E6F8-AD97-4180-BA06-BCE710511926}.Release|x86.Deploy.0 = Release|x86
		{E92BDBB2-AE34-4EF7-B96D-9B0F0312A0F9}.Ad-Hoc|Any CPU.ActiveCfg = Debug|Any CPU
		{E92BDBB2-AE34-4EF7-B96D-9B0F0312A0F9}.Ad-Hoc|Any CPU.Build.0 = Debug|Any CPU
		{E92BDBB2-AE34-4EF7-B96D-9B0F0312A0F9}.Ad-Hoc|ARM.ActiveCfg = Debug|Any CPU
		{E92BDBB2-AE34-4EF7-B96D-9B0F0312A0F9}.Ad-Hoc|ARM.Build.0 = Debug|Any CPU
		{E92BDBB2-AE34-4EF7-B96D-9B0F0312A0F9}.Ad-Hoc|iPhone.ActiveCfg = Debug|Any CPU
		{E92BDBB2-AE34-4EF7-B96D-9B0F0312A0F9}.Ad-Hoc|iPhone.Build.0 = Debug|Any CPU
		{E92BDBB2-AE34-4EF7-B96D-9B0F0312A0F9}.Ad-Hoc|iPhoneSimulator.ActiveCfg = Debug|Any CPU
		{E92BDBB2-AE34-4EF7-B96D-9B0F0312A0F9}.Ad-Hoc|iPhoneSimulator.Build.0 = Debug|Any CPU
		{E92BDBB2-AE34-4EF7-B96D-9B0F0312A0F9}.Ad-Hoc|x64.ActiveCfg = Debug|Any CPU
		{E92BDBB2-AE34-4EF7-B96D-9B0F0312A0F9}.Ad-Hoc|x64.Build.0 = Debug|Any CPU
		{E92BDBB2-AE34-4EF7-B96D-9B0F0312A0F9}.Ad-Hoc|x86.ActiveCfg = Debug|Any CPU
		{E92BDBB2-AE34-4EF7-B96D-9B0F0312A0F9}.Ad-Hoc|x86.Build.0 = Debug|Any CPU
		{E92BDBB2-AE34-4EF7-B96D-9B0F0312A0F9}.AppStore|Any CPU.ActiveCfg = Debug|Any CPU
		{E92BDBB2-AE34-4EF7-B96D-9B0F0312A0F9}.AppStore|Any CPU.Build.0 = Debug|Any CPU
		{E92BDBB2-AE34-4EF7-B96D-9B0F0312A0F9}.AppStore|ARM.ActiveCfg = Debug|Any CPU
		{E92BDBB2-AE34-4EF7-B96D-9B0F0312A0F9}.AppStore|ARM.Build.0 = Debug|Any CPU
		{E92BDBB2-AE34-4EF7-B96D-9B0F0312A0F9}.AppStore|iPhone.ActiveCfg = Debug|Any CPU
		{E92BDBB2-AE34-4EF7-B96D-9B0F0312A0F9}.AppStore|iPhone.Build.0 = Debug|Any CPU
		{E92BDBB2-AE34-4EF7-B96D-9B0F0312A0F9}.AppStore|iPhoneSimulator.ActiveCfg = Debug|Any CPU
		{E92BDBB2-AE34-4EF7-B96D-9B0F0312A0F9}.AppStore|iPhoneSimulator.Build.0 = Debug|Any CPU
		{E92BDBB2-AE34-4EF7-B96D-9B0F0312A0F9}.AppStore|x64.ActiveCfg = Debug|Any CPU
		{E92BDBB2-AE34-4EF7-B96D-9B0F0312A0F9}.AppStore|x64.Build.0 = Debug|Any CPU
		{E92BDBB2-AE34-4EF7-B96D-9B0F0312A0F9}.AppStore|x86.ActiveCfg = Debug|Any CPU
		{E92BDBB2-AE34-4EF7-B96D-9B0F0312A0F9}.AppStore|x86.Build.0 = Debug|Any CPU
		{E92BDBB2-AE34-4EF7-B96D-9B0F0312A0F9}.Debug|Any CPU.ActiveCfg = Debug|Any CPU
		{E92BDBB2-AE34-4EF7-B96D-9B0F0312A0F9}.Debug|Any CPU.Build.0 = Debug|Any CPU
		{E92BDBB2-AE34-4EF7-B96D-9B0F0312A0F9}.Debug|ARM.ActiveCfg = Debug|Any CPU
		{E92BDBB2-AE34-4EF7-B96D-9B0F0312A0F9}.Debug|ARM.Build.0 = Debug|Any CPU
		{E92BDBB2-AE34-4EF7-B96D-9B0F0312A0F9}.Debug|iPhone.ActiveCfg = Debug|Any CPU
		{E92BDBB2-AE34-4EF7-B96D-9B0F0312A0F9}.Debug|iPhone.Build.0 = Debug|Any CPU
		{E92BDBB2-AE34-4EF7-B96D-9B0F0312A0F9}.Debug|iPhoneSimulator.ActiveCfg = Debug|Any CPU
		{E92BDBB2-AE34-4EF7-B96D-9B0F0312A0F9}.Debug|iPhoneSimulator.Build.0 = Debug|Any CPU
		{E92BDBB2-AE34-4EF7-B96D-9B0F0312A0F9}.Debug|x64.ActiveCfg = Debug|Any CPU
		{E92BDBB2-AE34-4EF7-B96D-9B0F0312A0F9}.Debug|x64.Build.0 = Debug|Any CPU
		{E92BDBB2-AE34-4EF7-B96D-9B0F0312A0F9}.Debug|x86.ActiveCfg = Debug|Any CPU
		{E92BDBB2-AE34-4EF7-B96D-9B0F0312A0F9}.Debug|x86.Build.0 = Debug|Any CPU
		{E92BDBB2-AE34-4EF7-B96D-9B0F0312A0F9}.Release|Any CPU.ActiveCfg = Release|Any CPU
		{E92BDBB2-AE34-4EF7-B96D-9B0F0312A0F9}.Release|Any CPU.Build.0 = Release|Any CPU
		{E92BDBB2-AE34-4EF7-B96D-9B0F0312A0F9}.Release|ARM.ActiveCfg = Release|Any CPU
		{E92BDBB2-AE34-4EF7-B96D-9B0F0312A0F9}.Release|ARM.Build.0 = Release|Any CPU
		{E92BDBB2-AE34-4EF7-B96D-9B0F0312A0F9}.Release|iPhone.ActiveCfg = Release|Any CPU
		{E92BDBB2-AE34-4EF7-B96D-9B0F0312A0F9}.Release|iPhone.Build.0 = Release|Any CPU
		{E92BDBB2-AE34-4EF7-B96D-9B0F0312A0F9}.Release|iPhoneSimulator.ActiveCfg = Release|Any CPU
		{E92BDBB2-AE34-4EF7-B96D-9B0F0312A0F9}.Release|iPhoneSimulator.Build.0 = Release|Any CPU
		{E92BDBB2-AE34-4EF7-B96D-9B0F0312A0F9}.Release|x64.ActiveCfg = Release|Any CPU
		{E92BDBB2-AE34-4EF7-B96D-9B0F0312A0F9}.Release|x64.Build.0 = Release|Any CPU
		{E92BDBB2-AE34-4EF7-B96D-9B0F0312A0F9}.Release|x86.ActiveCfg = Release|Any CPU
		{E92BDBB2-AE34-4EF7-B96D-9B0F0312A0F9}.Release|x86.Build.0 = Release|Any CPU
	EndGlobalSection
	GlobalSection(SolutionProperties) = preSolution
		HideSolutionNode = FALSE
	EndGlobalSection
	GlobalSection(ExtensibilityGlobals) = postSolution
		SolutionGuid = {29D7792B-D763-49EE-8259-CFB010B85983}
	EndGlobalSection
	GlobalSection(TeamFoundationVersionControl) = preSolution
		SccNumberOfProjects = 6
		SccEnterpriseProvider = {4CA58AB2-18FA-4F8D-95D4-32DDF27D184C}
		SccTeamFoundationServer = https://hesse-webster.visualstudio.com/defaultcollection
		SccLocalPath0 = .
		SccProjectUniqueName1 = JulianDate\\JulianDate.csproj
		SccProjectName1 = JulianDate
		SccLocalPath1 = JulianDate
		SccProjectUniqueName2 = JulianDateCrossPlatform\\JulianDateCrossPlatform.Android\\JulianDateCrossPlatform.Android.csproj
		SccProjectName2 = JulianDateCrossPlatform/JulianDateCrossPlatform.Android
		SccLocalPath2 = JulianDateCrossPlatform\\JulianDateCrossPlatform.Android
		SccProjectUniqueName3 = JulianDateCrossPlatform\\JulianDateCrossPlatform.iOS\\JulianDateCrossPlatform.iOS.csproj
		SccProjectName3 = JulianDateCrossPlatform/JulianDateCrossPlatform.iOS
		SccLocalPath3 = JulianDateCrossPlatform\\JulianDateCrossPlatform.iOS
		SccProjectUniqueName4 = JulianDateCrossPlatform\\JulianDateCrossPlatform.UWP\\JulianDateCrossPlatform.UWP.csproj
		SccProjectName4 = JulianDateCrossPlatform/JulianDateCrossPlatform.UWP
		SccLocalPath4 = JulianDateCrossPlatform\\JulianDateCrossPlatform.UWP
		SccProjectUniqueName5 = JulianDateCrossPlatform\\JulianDateCrossPlatform\\JulianDateCrossPlatform.csproj
		SccProjectName5 = JulianDateCrossPlatform/JulianDateCrossPlatform
		SccLocalPath5 = JulianDateCrossPlatform\\JulianDateCrossPlatform
	EndGlobalSection
EndGlobal
